
Microsoft Visual Studio Solution File, Format Version 12.00
# Visual Studio Version 16
VisualStudioVersion = 16.0.30804.86
MinimumVisualStudioVersion = 10.0.40219.1
Project("{FAE04EC0-301F-11D3-BF4B-00C04F79EFBC}") = "Server", "Server\Server.csproj", "{9DAB41C8-0630-43B4-B984-4B06163FDB56}"
EndProject
Global
	GlobalSection(SolutionConfigurationPlatforms) = preSolution
		Debug|Any CPU = Debug|Any CPU
		Release|Any CPU = Release|Any CPU
	EndGlobalSection
	GlobalSection(ProjectConfigurationPlatforms) = postSolution
		{9DAB41C8-0630-43B4-B984-4B06163FDB56}.Debug|Any CPU.ActiveCfg = Debug|Any CPU
		{9DAB41C8-0630-43B4-B984-4B06163FDB56}.Debug|Any CPU.Build.0 = Debug|Any CPU
		{9DAB41C8-0630-43B4-B984-4B06163FDB56}.Release|Any CPU.ActiveCfg = Release|Any CPU
		{9DAB41C8-0630-43B4-B984-4B06163FDB56}.Release|Any CPU.Build.0 = Release|Any CPU
	EndGlobalSection
	GlobalSection(SolutionProperties) = preSolution
		HideSolutionNode = FALSE
	EndGlobalSection
	GlobalSection(ExtensibilityGlobals) = postSolution
		SolutionGuid = {75AE5511-9CD1-4457-9137-05706EA0AEAC}
	EndGlobalSection
EndGlobal
